{
  "requires": true,
  "lockfileVersion": 1,
  "dependencies": {
    "@mdi/font": {
      "version": "6.7.96",
      "resolved": "https://registry.npmjs.org/@mdi/font/-/font-6.7.96.tgz",
      "integrity": "sha512-M68vlRhtmA/SpDjo2dV3SUZus20jrU9Zp2ggslfzh0cbFpygPukcVpBIA3pErwsukhYt4RfbgXpFi74SjixOrQ=="
    },
    "bootstrap-icons": {
      "version": "1.8.2",
      "resolved": "https://registry.npmjs.org/bootstrap-icons/-/bootstrap-icons-1.8.2.tgz",
      "integrity": "sha512-jhNjdPzvUqKOr9o0XhCZAZDWVeuOg6mJHtSj2bhiqfamZVg6ekMYNgG7pRY4GItbjIwrTaht3dNbXGbX3eJNLQ=="
    }
  }
}
